
Microsoft Visual Studio Solution File, Format Version 12.00
# Visual Studio 15
VisualStudioVersion = 15.0.28307.1062
MinimumVisualStudioVersion = 10.0.40219.1
Project("{FAE04EC0-301F-11D3-BF4B-00C04F79EFBC}") = "RetranslatorWebSocketsServer", "RetranslatorWebSocketsServer.csproj", "{8D73B9BD-6619-46C9-9D92-67466A791584}"
EndProject
Global
	GlobalSection(SolutionConfigurationPlatforms) = preSolution
		Debug|Any CPU = Debug|Any CPU
		Release|Any CPU = Release|Any CPU
	EndGlobalSection
	GlobalSection(ProjectConfigurationPlatforms) = postSolution
		{8D73B9BD-6619-46C9-9D92-67466A791584}.Debug|Any CPU.ActiveCfg = Debug|Any CPU
		{8D73B9BD-6619-46C9-9D92-67466A791584}.Debug|Any CPU.Build.0 = Debug|Any CPU
		{8D73B9BD-6619-46C9-9D92-67466A791584}.Release|Any CPU.ActiveCfg = Release|Any CPU
		{8D73B9BD-6619-46C9-9D92-67466A791584}.Release|Any CPU.Build.0 = Release|Any CPU
	EndGlobalSection
	GlobalSection(SolutionProperties) = preSolution
		HideSolutionNode = FALSE
	EndGlobalSection
	GlobalSection(ExtensibilityGlobals) = postSolution
		SolutionGuid = {BAD204C1-C013-4D40-BE9F-8791E23B4EC1}
	EndGlobalSection
EndGlobal
